{
  "name": "@definejs/api",
  "version": "1.0.0",
  "lockfileVersion": 2,
  "requires": true,
  "packages": {
    "": {
      "name": "@definejs/api",
      "version": "1.0.0",
      "license": "MIT",
      "dependencies": {
        "@definejs/emitter": "^1.0.0",
        "@definejs/fn": "^1.0.0",
        "@definejs/json": "^1.0.0",
        "@definejs/object": "^1.1.0",
        "@definejs/proxy": "^1.0.0",
        "@definejs/query": "^1.0.0",
        "@definejs/string": "^1.0.0"
      }
    },
    "node_modules/@definejs/emitter": {
      "version": "1.0.5",
      "resolved": "https://registry.npmjs.org/@definejs/emitter/-/emitter-1.0.5.tgz",
      "integrity": "sha512-TLFjNopstMGXzXUDAUDl/XLzUaHCdzfzkZM8pqeoExzNiXr0PbCtvbxWzHPJyWit9eClzrqCdafWQBH6L+m7lw==",
      "dependencies": {
        "@definejs/object": "^1.1.0",
        "@definejs/tree": "^1.0.0"
      }
    },
    "node_modules/@definejs/fn": {
      "version": "1.0.0",
      "resolved": "https://registry.npmjs.org/@definejs/fn/-/fn-1.0.0.tgz",
      "integrity": "sha512-YZqW2WfMC4kPCxRGMe+sgMNhWYK8pQchVJeo5aRYq1I6IhUpVNvreT5UW29LzFpDBNOqMbDzKa5jUel9qW0JRg==",
      "dependencies": {
        "@definejs/math": "^1.0.0"
      }
    },
    "node_modules/@definejs/json": {
      "version": "1.0.0",
      "resolved": "https://registry.npmjs.org/@definejs/json/-/json-1.0.0.tgz",
      "integrity": "sha512-ZTWBpIa4QWWnPTK/06cfrOGClx1F83SJByTladdwJVjPayEv9liZuyZglU60eM/LRu8eRNvyHTQ3RkRTZCiN3A=="
    },
    "node_modules/@definejs/math": {
      "version": "1.0.0",
      "resolved": "https://registry.npmjs.org/@definejs/math/-/math-1.0.0.tgz",
      "integrity": "sha512-3epnTiGFaEoofhRfmT1cdd3KAhC8DQf518Xmh0tTTdqDCnfGcHx+GRZRGX5o1vlb946GBJ3/OEQQb2bRnAl0/g=="
    },
    "node_modules/@definejs/object": {
      "version": "1.1.0",
      "resolved": "https://registry.npmjs.org/@definejs/object/-/object-1.1.0.tgz",
      "integrity": "sha512-3U9yjE0a4oFXR6n19VXZB0W5lpHZRox39vjV2sE288OCMv1L6KLreEdGi0Hmo5w490KHpT9Gtvtkz4Xih7D6ug=="
    },
    "node_modules/@definejs/proxy": {
      "version": "1.0.0",
      "resolved": "https://registry.npmjs.org/@definejs/proxy/-/proxy-1.0.0.tgz",
      "integrity": "sha512-bcTmMMBtO2o24yoQyhEOBWC5RoQP992DOoYg5yo29/b3pc6byq9HvXfSrRsU3q4wtl1h5INoY7iMQmhowwDd/g==",
      "dependencies": {
        "@definejs/fn": "^1.0.0",
        "@definejs/json": "^1.0.0",
        "@definejs/query": "^1.0.0",
        "@definejs/script": "^1.0.0",
        "@definejs/url": "^1.0.0"
      }
    },
    "node_modules/@definejs/query": {
      "version": "1.0.0",
      "resolved": "https://registry.npmjs.org/@definejs/query/-/query-1.0.0.tgz",
      "integrity": "sha512-s8us9hzCw7X8Dkjw3R7wSpCgmySv1quMDE2UP2ECsZWBJj2ba9QQOv6xrcRuuGZor9+fcPGo741rx2smnr+Vug==",
      "dependencies": {
        "@definejs/object": "^1.1.0",
        "@definejs/string": "^1.0.0"
      }
    },
    "node_modules/@definejs/script": {
      "version": "1.0.0",
      "resolved": "https://registry.npmjs.org/@definejs/script/-/script-1.0.0.tgz",
      "integrity": "sha512-esaruGEoI/XbXQRj9s56xHPrzziOba1w1BtLJkFov4/jUgiezdCQWXik8Lbfxl4mT+98c6BeyQkoFUu9WVkfMg==",
      "dependencies": {
        "@definejs/object": "^1.1.0"
      }
    },
    "node_modules/@definejs/string": {
      "version": "1.0.0",
      "resolved": "https://registry.npmjs.org/@definejs/string/-/string-1.0.0.tgz",
      "integrity": "sha512-w07CpqHYu6th6y+n5jic6ZUdiB19GPzuq8LGHqpSky8R28ugA1uIDkFodd5tt9dokD00pLd4nFY6bO8JuLYxxQ=="
    },
    "node_modules/@definejs/tree": {
      "version": "1.0.4",
      "resolved": "https://registry.npmjs.org/@definejs/tree/-/tree-1.0.4.tgz",
      "integrity": "sha512-KrqmMTG6B0STLupdS8poMoa6NGfaWtwdSapG9yJrrWY+Tkkh5gLSyvHuzBabkAUGc1IYYGghP2BOrexsQHElHQ=="
    },
    "node_modules/@definejs/url": {
      "version": "1.0.0",
      "resolved": "https://registry.npmjs.org/@definejs/url/-/url-1.0.0.tgz",
      "integrity": "sha512-Z9KDndL2rZ5bB7KF5YDho0Hf5iDhYhUHejr2NI1L/qmGd/IlBijs6ynWdyYQAhdPOkcP2pugODzm6QVZnqBKXw=="
    }
  },
  "dependencies": {
    "@definejs/emitter": {
      "version": "1.0.5",
      "resolved": "https://registry.npmjs.org/@definejs/emitter/-/emitter-1.0.5.tgz",
      "integrity": "sha512-TLFjNopstMGXzXUDAUDl/XLzUaHCdzfzkZM8pqeoExzNiXr0PbCtvbxWzHPJyWit9eClzrqCdafWQBH6L+m7lw==",
      "requires": {
        "@definejs/object": "^1.1.0",
        "@definejs/tree": "^1.0.0"
      }
    },
    "@definejs/fn": {
      "version": "1.0.0",
      "resolved": "https://registry.npmjs.org/@definejs/fn/-/fn-1.0.0.tgz",
      "integrity": "sha512-YZqW2WfMC4kPCxRGMe+sgMNhWYK8pQchVJeo5aRYq1I6IhUpVNvreT5UW29LzFpDBNOqMbDzKa5jUel9qW0JRg==",
      "requires": {
        "@definejs/math": "^1.0.0"
      }
    },
    "@definejs/json": {
      "version": "1.0.0",
      "resolved": "https://registry.npmjs.org/@definejs/json/-/json-1.0.0.tgz",
      "integrity": "sha512-ZTWBpIa4QWWnPTK/06cfrOGClx1F83SJByTladdwJVjPayEv9liZuyZglU60eM/LRu8eRNvyHTQ3RkRTZCiN3A=="
    },
    "@definejs/math": {
      "version": "1.0.0",
      "resolved": "https://registry.npmjs.org/@definejs/math/-/math-1.0.0.tgz",
      "integrity": "sha512-3epnTiGFaEoofhRfmT1cdd3KAhC8DQf518Xmh0tTTdqDCnfGcHx+GRZRGX5o1vlb946GBJ3/OEQQb2bRnAl0/g=="
    },
    "@definejs/object": {
      "version": "1.1.0",
      "resolved": "https://registry.npmjs.org/@definejs/object/-/object-1.1.0.tgz",
      "integrity": "sha512-3U9yjE0a4oFXR6n19VXZB0W5lpHZRox39vjV2sE288OCMv1L6KLreEdGi0Hmo5w490KHpT9Gtvtkz4Xih7D6ug=="
    },
    "@definejs/proxy": {
      "version": "1.0.0",
      "resolved": "https://registry.npmjs.org/@definejs/proxy/-/proxy-1.0.0.tgz",
      "integrity": "sha512-bcTmMMBtO2o24yoQyhEOBWC5RoQP992DOoYg5yo29/b3pc6byq9HvXfSrRsU3q4wtl1h5INoY7iMQmhowwDd/g==",
      "requires": {
        "@definejs/fn": "^1.0.0",
        "@definejs/json": "^1.0.0",
        "@definejs/query": "^1.0.0",
        "@definejs/script": "^1.0.0",
        "@definejs/url": "^1.0.0"
      }
    },
    "@definejs/query": {
      "version": "1.0.0",
      "resolved": "https://registry.npmjs.org/@definejs/query/-/query-1.0.0.tgz",
      "integrity": "sha512-s8us9hzCw7X8Dkjw3R7wSpCgmySv1quMDE2UP2ECsZWBJj2ba9QQOv6xrcRuuGZor9+fcPGo741rx2smnr+Vug==",
      "requires": {
        "@definejs/object": "^1.1.0",
        "@definejs/string": "^1.0.0"
      }
    },
    "@definejs/script": {
      "version": "1.0.0",
      "resolved": "https://registry.npmjs.org/@definejs/script/-/script-1.0.0.tgz",
      "integrity": "sha512-esaruGEoI/XbXQRj9s56xHPrzziOba1w1BtLJkFov4/jUgiezdCQWXik8Lbfxl4mT+98c6BeyQkoFUu9WVkfMg==",
      "requires": {
        "@definejs/object": "^1.1.0"
      }
    },
    "@definejs/string": {
      "version": "1.0.0",
      "resolved": "https://registry.npmjs.org/@definejs/string/-/string-1.0.0.tgz",
      "integrity": "sha512-w07CpqHYu6th6y+n5jic6ZUdiB19GPzuq8LGHqpSky8R28ugA1uIDkFodd5tt9dokD00pLd4nFY6bO8JuLYxxQ=="
    },
    "@definejs/tree": {
      "version": "1.0.4",
      "resolved": "https://registry.npmjs.org/@definejs/tree/-/tree-1.0.4.tgz",
      "integrity": "sha512-KrqmMTG6B0STLupdS8poMoa6NGfaWtwdSapG9yJrrWY+Tkkh5gLSyvHuzBabkAUGc1IYYGghP2BOrexsQHElHQ=="
    },
    "@definejs/url": {
      "version": "1.0.0",
      "resolved": "https://registry.npmjs.org/@definejs/url/-/url-1.0.0.tgz",
      "integrity": "sha512-Z9KDndL2rZ5bB7KF5YDho0Hf5iDhYhUHejr2NI1L/qmGd/IlBijs6ynWdyYQAhdPOkcP2pugODzm6QVZnqBKXw=="
    }
  }
}
